// !$*UTF8*$!
{
	archiveVersion = 1;
	classes = {
	};
	objectVersion = 48;
	objects = {

/* Begin PBXBuildFile section */
		8D815EE41F6A68DD00DD6D68 /* AuthService.swift in Sources */ = {isa = PBXBuildFile; fileRef = 8D815EE31F6A68DD00DD6D68 /* AuthService.swift */; };
		8D815EE61F6A711A00DD6D68 /* RoundedButton.swift in Sources */ = {isa = PBXBuildFile; fileRef = 8D815EE51F6A711A00DD6D68 /* RoundedButton.swift */; };
		8D815EE81F6A797C00DD6D68 /* UserDataService.swift in Sources */ = {isa = PBXBuildFile; fileRef = 8D815EE71F6A797C00DD6D68 /* UserDataService.swift */; };
		8D815EEA1F6A860C00DD6D68 /* AvatarPickerVC.swift in Sources */ = {isa = PBXBuildFile; fileRef = 8D815EE91F6A860C00DD6D68 /* AvatarPickerVC.swift */; };
		8D815EEC1F6A87BC00DD6D68 /* AvatarCell.swift in Sources */ = {isa = PBXBuildFile; fileRef = 8D815EEB1F6A87BC00DD6D68 /* AvatarCell.swift */; };
		8DC5E7F21F62C4D80001C89E /* Constants.swift in Sources */ = {isa = PBXBuildFile; fileRef = 8DC5E7F11F62C4D80001C89E /* Constants.swift */; };
		8DC5E7F41F62CBC10001C89E /* LoginVC.swift in Sources */ = {isa = PBXBuildFile; fileRef = 8DC5E7F31F62CBC10001C89E /* LoginVC.swift */; };
		8DC5E7F61F62D0F70001C89E /* CreateAccountVC.swift in Sources */ = {isa = PBXBuildFile; fileRef = 8DC5E7F51F62D0F70001C89E /* CreateAccountVC.swift */; };
		8DD160FB1F5ED49F00DCBEC5 /* AppDelegate.swift in Sources */ = {isa = PBXBuildFile; fileRef = 8DD160FA1F5ED49F00DCBEC5 /* AppDelegate.swift */; };
		8DD161001F5ED49F00DCBEC5 /* Main.storyboard in Resources */ = {isa = PBXBuildFile; fileRef = 8DD160FE1F5ED49F00DCBEC5 /* Main.storyboard */; };
		8DD161021F5ED49F00DCBEC5 /* Assets.xcassets in Resources */ = {isa = PBXBuildFile; fileRef = 8DD161011F5ED49F00DCBEC5 /* Assets.xcassets */; };
		8DD161051F5ED49F00DCBEC5 /* LaunchScreen.storyboard in Resources */ = {isa = PBXBuildFile; fileRef = 8DD161031F5ED49F00DCBEC5 /* LaunchScreen.storyboard */; };
		8DD161141F5EDCA800DCBEC5 /* ChatVC.swift in Sources */ = {isa = PBXBuildFile; fileRef = 8DD161131F5EDCA800DCBEC5 /* ChatVC.swift */; };
		8DD161161F5EDCB700DCBEC5 /* ChannelVC.swift in Sources */ = {isa = PBXBuildFile; fileRef = 8DD161151F5EDCB700DCBEC5 /* ChannelVC.swift */; };
		8DD1611C1F5EE4D900DCBEC5 /* GradientView.swift in Sources */ = {isa = PBXBuildFile; fileRef = 8DD1611B1F5EE4D900DCBEC5 /* GradientView.swift */; };
		F0C15C48098AC32835D3DCDE /* Pods_Smack.framework in Frameworks */ = {isa = PBXBuildFile; fileRef = 0FE4FBEDAE3BE7231A05E86B /* Pods_Smack.framework */; };
/* End PBXBuildFile section */

/* Begin PBXFileReference section */
		0FE4FBEDAE3BE7231A05E86B /* Pods_Smack.framework */ = {isa = PBXFileReference; explicitFileType = wrapper.framework; includeInIndex = 0; path = Pods_Smack.framework; sourceTree = BUILT_PRODUCTS_DIR; };
		19ADB7B22867F3EA6EE55CEA /* Pods-Smack.release.xcconfig */ = {isa = PBXFileReference; includeInIndex = 1; lastKnownFileType = text.xcconfig; name = "Pods-Smack.release.xcconfig"; path = "Pods/Target Support Files/Pods-Smack/Pods-Smack.release.xcconfig"; sourceTree = "<group>"; };
		8D815EE31F6A68DD00DD6D68 /* AuthService.swift */ = {isa = PBXFileReference; lastKnownFileType = sourcecode.swift; path = AuthService.swift; sourceTree = "<group>"; };
		8D815EE51F6A711A00DD6D68 /* RoundedButton.swift */ = {isa = PBXFileReference; lastKnownFileType = sourcecode.swift; path = RoundedButton.swift; sourceTree = "<group>"; };
		8D815EE71F6A797C00DD6D68 /* UserDataService.swift */ = {isa = PBXFileReference; lastKnownFileType = sourcecode.swift; path = UserDataService.swift; sourceTree = "<group>"; };
		8D815EE91F6A860C00DD6D68 /* AvatarPickerVC.swift */ = {isa = PBXFileReference; lastKnownFileType = sourcecode.swift; path = AvatarPickerVC.swift; sourceTree = "<group>"; };
		8D815EEB1F6A87BC00DD6D68 /* AvatarCell.swift */ = {isa = PBXFileReference; lastKnownFileType = sourcecode.swift; path = AvatarCell.swift; sourceTree = "<group>"; };
		8DC5E7F11F62C4D80001C89E /* Constants.swift */ = {isa = PBXFileReference; lastKnownFileType = sourcecode.swift; path = Constants.swift; sourceTree = "<group>"; };
		8DC5E7F31F62CBC10001C89E /* LoginVC.swift */ = {isa = PBXFileReference; lastKnownFileType = sourcecode.swift; path = LoginVC.swift; sourceTree = "<group>"; };
		8DC5E7F51F62D0F70001C89E /* CreateAccountVC.swift */ = {isa = PBXFileReference; lastKnownFileType = sourcecode.swift; path = CreateAccountVC.swift; sourceTree = "<group>"; };
		8DD160F71F5ED49F00DCBEC5 /* Smack.app */ = {isa = PBXFileReference; explicitFileType = wrapper.application; includeInIndex = 0; path = Smack.app; sourceTree = BUILT_PRODUCTS_DIR; };
		8DD160FA1F5ED49F00DCBEC5 /* AppDelegate.swift */ = {isa = PBXFileReference; lastKnownFileType = sourcecode.swift; path = AppDelegate.swift; sourceTree = "<group>"; };
		8DD160FF1F5ED49F00DCBEC5 /* Base */ = {isa = PBXFileReference; lastKnownFileType = file.storyboard; name = Base; path = Base.lproj/Main.storyboard; sourceTree = "<group>"; };
		8DD161011F5ED49F00DCBEC5 /* Assets.xcassets */ = {isa = PBXFileReference; lastKnownFileType = folder.assetcatalog; path = Assets.xcassets; sourceTree = "<group>"; };
		8DD161041F5ED49F00DCBEC5 /* Base */ = {isa = PBXFileReference; lastKnownFileType = file.storyboard; name = Base; path = Base.lproj/LaunchScreen.storyboard; sourceTree = "<group>"; };
		8DD161061F5ED49F00DCBEC5 /* Info.plist */ = {isa = PBXFileReference; lastKnownFileType = text.plist.xml; path = Info.plist; sourceTree = "<group>"; };
		8DD161131F5EDCA800DCBEC5 /* ChatVC.swift */ = {isa = PBXFileReference; lastKnownFileType = sourcecode.swift; path = ChatVC.swift; sourceTree = "<group>"; };
		8DD161151F5EDCB700DCBEC5 /* ChannelVC.swift */ = {isa = PBXFileReference; lastKnownFileType = sourcecode.swift; path = ChannelVC.swift; sourceTree = "<group>"; };
		8DD1611B1F5EE4D900DCBEC5 /* GradientView.swift */ = {isa = PBXFileReference; lastKnownFileType = sourcecode.swift; path = GradientView.swift; sourceTree = "<group>"; };
		FD38C7ED0AB9C137E416709F /* Pods-Smack.debug.xcconfig */ = {isa = PBXFileReference; includeInIndex = 1; lastKnownFileType = text.xcconfig; name = "Pods-Smack.debug.xcconfig"; path = "Pods/Target Support Files/Pods-Smack/Pods-Smack.debug.xcconfig"; sourceTree = "<group>"; };
/* End PBXFileReference section */

/* Begin PBXFrameworksBuildPhase section */
		8DD160F41F5ED49F00DCBEC5 /* Frameworks */ = {
			isa = PBXFrameworksBuildPhase;
			buildActionMask = 2147483647;
			files = (
				F0C15C48098AC32835D3DCDE /* Pods_Smack.framework in Frameworks */,
			);
			runOnlyForDeploymentPostprocessing = 0;
		};
/* End PBXFrameworksBuildPhase section */

/* Begin PBXGroup section */
		598BD71048DCDB1FC6ECC595 /* Pods */ = {
			isa = PBXGroup;
			children = (
				FD38C7ED0AB9C137E416709F /* Pods-Smack.debug.xcconfig */,
				19ADB7B22867F3EA6EE55CEA /* Pods-Smack.release.xcconfig */,
			);
			name = Pods;
			sourceTree = "<group>";
		};
		7934A4DE7D71490E3CC9135A /* Frameworks */ = {
			isa = PBXGroup;
			children = (
				0FE4FBEDAE3BE7231A05E86B /* Pods_Smack.framework */,
			);
			name = Frameworks;
			sourceTree = "<group>";
		};
		8D815EE21F6A68C700DD6D68 /* Services */ = {
			isa = PBXGroup;
			children = (
				8D815EE31F6A68DD00DD6D68 /* AuthService.swift */,
				8D815EE71F6A797C00DD6D68 /* UserDataService.swift */,
			);
			path = Services;
			sourceTree = "<group>";
		};
		8DC5E7F01F62C4C50001C89E /* Utilities */ = {
			isa = PBXGroup;
			children = (
				8DC5E7F11F62C4D80001C89E /* Constants.swift */,
			);
			path = Utilities;
			sourceTree = "<group>";
		};
		8DD160EE1F5ED49F00DCBEC5 = {
			isa = PBXGroup;
			children = (
				8DD160F91F5ED49F00DCBEC5 /* Smack */,
				8DD160F81F5ED49F00DCBEC5 /* Products */,
				598BD71048DCDB1FC6ECC595 /* Pods */,
				7934A4DE7D71490E3CC9135A /* Frameworks */,
			);
			sourceTree = "<group>";
		};
		8DD160F81F5ED49F00DCBEC5 /* Products */ = {
			isa = PBXGroup;
			children = (
				8DD160F71F5ED49F00DCBEC5 /* Smack.app */,
			);
			name = Products;
			sourceTree = "<group>";
		};
		8DD160F91F5ED49F00DCBEC5 /* Smack */ = {
			isa = PBXGroup;
			children = (
				8D815EE21F6A68C700DD6D68 /* Services */,
				8DC5E7F01F62C4C50001C89E /* Utilities */,
				8DD161111F5EDC7E00DCBEC5 /* Model */,
				8DD161121F5EDC8200DCBEC5 /* View */,
				8DD161101F5EDC7600DCBEC5 /* Controller */,
				8DD1610C1F5ED9BE00DCBEC5 /* SupportingFiles */,
				8DD160FA1F5ED49F00DCBEC5 /* AppDelegate.swift */,
				8DD160FE1F5ED49F00DCBEC5 /* Main.storyboard */,
				8DD161011F5ED49F00DCBEC5 /* Assets.xcassets */,
				8DD161031F5ED49F00DCBEC5 /* LaunchScreen.storyboard */,
				8DD161061F5ED49F00DCBEC5 /* Info.plist */,
			);
			path = Smack;
			sourceTree = "<group>";
		};
		8DD1610C1F5ED9BE00DCBEC5 /* SupportingFiles */ = {
			isa = PBXGroup;
			children = (
			);
			path = SupportingFiles;
			sourceTree = "<group>";
		};
		8DD161101F5EDC7600DCBEC5 /* Controller */ = {
			isa = PBXGroup;
			children = (
				8DD161131F5EDCA800DCBEC5 /* ChatVC.swift */,
				8DD161151F5EDCB700DCBEC5 /* ChannelVC.swift */,
				8DC5E7F31F62CBC10001C89E /* LoginVC.swift */,
				8DC5E7F51F62D0F70001C89E /* CreateAccountVC.swift */,
				8D815EE91F6A860C00DD6D68 /* AvatarPickerVC.swift */,
			);
			path = Controller;
			sourceTree = "<group>";
		};
		8DD161111F5EDC7E00DCBEC5 /* Model */ = {
			isa = PBXGroup;
			children = (
			);
			path = Model;
			sourceTree = "<group>";
		};
		8DD161121F5EDC8200DCBEC5 /* View */ = {
			isa = PBXGroup;
			children = (
				8DD1611B1F5EE4D900DCBEC5 /* GradientView.swift */,
				8D815EE51F6A711A00DD6D68 /* RoundedButton.swift */,
				8D815EEB1F6A87BC00DD6D68 /* AvatarCell.swift */,
			);
			path = View;
			sourceTree = "<group>";
		};
/* End PBXGroup section */

/* Begin PBXNativeTarget section */
		8DD160F61F5ED49F00DCBEC5 /* Smack */ = {
			isa = PBXNativeTarget;
			buildConfigurationList = 8DD161091F5ED49F00DCBEC5 /* Build configuration list for PBXNativeTarget "Smack" */;
			buildPhases = (
				A92709F399AC83DFF7ED15E3 /* [CP] Check Pods Manifest.lock */,
				8DD160F31F5ED49F00DCBEC5 /* Sources */,
				8DD160F41F5ED49F00DCBEC5 /* Frameworks */,
				8DD160F51F5ED49F00DCBEC5 /* Resources */,
				F7F10C5A1A60681226934575 /* [CP] Embed Pods Frameworks */,
				1C0E75C9185DB61572EE642F /* [CP] Copy Pods Resources */,
			);
			buildRules = (
			);
			dependencies = (
			);
			name = Smack;
			productName = Smack;
			productReference = 8DD160F71F5ED49F00DCBEC5 /* Smack.app */;
			productType = "com.apple.product-type.application";
		};
/* End PBXNativeTarget section */

/* Begin PBXProject section */
		8DD160EF1F5ED49F00DCBEC5 /* Project object */ = {
			isa = PBXProject;
			attributes = {
				LastSwiftUpdateCheck = 0900;
				LastUpgradeCheck = 0900;
				ORGANIZATIONNAME = "UHP Mac 3";
				TargetAttributes = {
					8DD160F61F5ED49F00DCBEC5 = {
						CreatedOnToolsVersion = 9.0;
						LastSwiftMigration = 0900;
						ProvisioningStyle = Automatic;
					};
				};
			};
			buildConfigurationList = 8DD160F21F5ED49F00DCBEC5 /* Build configuration list for PBXProject "Smack" */;
			compatibilityVersion = "Xcode 8.0";
			developmentRegion = en;
			hasScannedForEncodings = 0;
			knownRegions = (
				en,
				Base,
			);
			mainGroup = 8DD160EE1F5ED49F00DCBEC5;
			productRefGroup = 8DD160F81F5ED49F00DCBEC5 /* Products */;
			projectDirPath = "";
			projectRoot = "";
			targets = (
				8DD160F61F5ED49F00DCBEC5 /* Smack */,
			);
		};
/* End PBXProject section */

/* Begin PBXResourcesBuildPhase section */
		8DD160F51F5ED49F00DCBEC5 /* Resources */ = {
			isa = PBXResourcesBuildPhase;
			buildActionMask = 2147483647;
			files = (
				8DD161051F5ED49F00DCBEC5 /* LaunchScreen.storyboard in Resources */,
				8DD161021F5ED49F00DCBEC5 /* Assets.xcassets in Resources */,
				8DD161001F5ED49F00DCBEC5 /* Main.storyboard in Resources */,
			);
			runOnlyForDeploymentPostprocessing = 0;
		};
/* End PBXResourcesBuildPhase section */

/* Begin PBXShellScriptBuildPhase section */
		1C0E75C9185DB61572EE642F /* [CP] Copy Pods Resources */ = {
			isa = PBXShellScriptBuildPhase;
			buildActionMask = 2147483647;
			files = (
			);
			inputPaths = (
			);
			name = "[CP] Copy Pods Resources";
			outputPaths = (
			);
			runOnlyForDeploymentPostprocessing = 0;
			shellPath = /bin/sh;
			shellScript = "\"${SRCROOT}/Pods/Target Support Files/Pods-Smack/Pods-Smack-resources.sh\"\n";
			showEnvVarsInLog = 0;
		};
		A92709F399AC83DFF7ED15E3 /* [CP] Check Pods Manifest.lock */ = {
			isa = PBXShellScriptBuildPhase;
			buildActionMask = 2147483647;
			files = (
			);
			inputPaths = (
				"${PODS_PODFILE_DIR_PATH}/Podfile.lock",
				"${PODS_ROOT}/Manifest.lock",
			);
			name = "[CP] Check Pods Manifest.lock";
			outputPaths = (
				"$(DERIVED_FILE_DIR)/Pods-Smack-checkManifestLockResult.txt",
			);
			runOnlyForDeploymentPostprocessing = 0;
			shellPath = /bin/sh;
			shellScript = "diff \"${PODS_PODFILE_DIR_PATH}/Podfile.lock\" \"${PODS_ROOT}/Manifest.lock\" > /dev/null\nif [ $? != 0 ] ; then\n    # print error to STDERR\n    echo \"error: The sandbox is not in sync with the Podfile.lock. Run 'pod install' or update your CocoaPods installation.\" >&2\n    exit 1\nfi\n# This output is used by Xcode 'outputs' to avoid re-running this script phase.\necho \"SUCCESS\" > \"${SCRIPT_OUTPUT_FILE_0}\"\n";
			showEnvVarsInLog = 0;
		};
		F7F10C5A1A60681226934575 /* [CP] Embed Pods Frameworks */ = {
			isa = PBXShellScriptBuildPhase;
			buildActionMask = 2147483647;
			files = (
			);
			inputPaths = (
				"${SRCROOT}/Pods/Target Support Files/Pods-Smack/Pods-Smack-frameworks.sh",
				"${BUILT_PRODUCTS_DIR}/Alamofire/Alamofire.framework",
				"${BUILT_PRODUCTS_DIR}/SWRevealViewController/SWRevealViewController.framework",
				"${BUILT_PRODUCTS_DIR}/Socket.IO-Client-Swift/SocketIO.framework",
				"${BUILT_PRODUCTS_DIR}/StarscreamSocketIO/StarscreamSocketIO.framework",
				"${BUILT_PRODUCTS_DIR}/SwiftyJSON/SwiftyJSON.framework",
			);
			name = "[CP] Embed Pods Frameworks";
			outputPaths = (
				"${TARGET_BUILD_DIR}/${FRAMEWORKS_FOLDER_PATH}/Alamofire.framework",
				"${TARGET_BUILD_DIR}/${FRAMEWORKS_FOLDER_PATH}/SWRevealViewController.framework",
				"${TARGET_BUILD_DIR}/${FRAMEWORKS_FOLDER_PATH}/SocketIO.framework",
				"${TARGET_BUILD_DIR}/${FRAMEWORKS_FOLDER_PATH}/StarscreamSocketIO.framework",
				"${TARGET_BUILD_DIR}/${FRAMEWORKS_FOLDER_PATH}/SwiftyJSON.framework",
			);
			runOnlyForDeploymentPostprocessing = 0;
			shellPath = /bin/sh;
			shellScript = "\"${SRCROOT}/Pods/Target Support Files/Pods-Smack/Pods-Smack-frameworks.sh\"\n";
			showEnvVarsInLog = 0;
		};
/* End PBXShellScriptBuildPhase section */

/* Begin PBXSourcesBuildPhase section */
		8DD160F31F5ED49F00DCBEC5 /* Sources */ = {
			isa = PBXSourcesBuildPhase;
			buildActionMask = 2147483647;
			files = (
				8DC5E7F21F62C4D80001C89E /* Constants.swift in Sources */,
				8DD161141F5EDCA800DCBEC5 /* ChatVC.swift in Sources */,
				8D815EEA1F6A860C00DD6D68 /* AvatarPickerVC.swift in Sources */,
				8DC5E7F41F62CBC10001C89E /* LoginVC.swift in Sources */,
				8DD161161F5EDCB700DCBEC5 /* ChannelVC.swift in Sources */,
				8D815EE61F6A711A00DD6D68 /* RoundedButton.swift in Sources */,
				8DC5E7F61F62D0F70001C89E /* CreateAccountVC.swift in Sources */,
				8D815EE81F6A797C00DD6D68 /* UserDataService.swift in Sources */,
				8DD1611C1F5EE4D900DCBEC5 /* GradientView.swift in Sources */,
				8DD160FB1F5ED49F00DCBEC5 /* AppDelegate.swift in Sources */,
				8D815EEC1F6A87BC00DD6D68 /* AvatarCell.swift in Sources */,
				8D815EE41F6A68DD00DD6D68 /* AuthService.swift in Sources */,
			);
			runOnlyForDeploymentPostprocessing = 0;
		};
/* End PBXSourcesBuildPhase section */

/* Begin PBXVariantGroup section */
		8DD160FE1F5ED49F00DCBEC5 /* Main.storyboard */ = {
			isa = PBXVariantGroup;
			children = (
				8DD160FF1F5ED49F00DCBEC5 /* Base */,
			);
			name = Main.storyboard;
			sourceTree = "<group>";
		};
		8DD161031F5ED49F00DCBEC5 /* LaunchScreen.storyboard */ = {
			isa = PBXVariantGroup;
			children = (
				8DD161041F5ED49F00DCBEC5 /* Base */,
			);
			name = LaunchScreen.storyboard;
			sourceTree = "<group>";
		};
/* End PBXVariantGroup section */

/* Begin XCBuildConfiguration section */
		8DD161071F5ED49F00DCBEC5 /* Debug */ = {
			isa = XCBuildConfiguration;
			buildSettings = {
				ALWAYS_SEARCH_USER_PATHS = NO;
				CLANG_ANALYZER_NONNULL = YES;
				CLANG_ANALYZER_NUMBER_OBJECT_CONVERSION = YES_AGGRESSIVE;
				CLANG_CXX_LANGUAGE_STANDARD = "gnu++14";
				CLANG_CXX_LIBRARY = "libc++";
				CLANG_ENABLE_MODULES = YES;
				CLANG_ENABLE_OBJC_ARC = YES;
				CLANG_WARN_BLOCK_CAPTURE_AUTORELEASING = YES;
				CLANG_WARN_BOOL_CONVERSION = YES;
				CLANG_WARN_COMMA = YES;
				CLANG_WARN_CONSTANT_CONVERSION = YES;
				CLANG_WARN_DIRECT_OBJC_ISA_USAGE = YES_ERROR;
				CLANG_WARN_DOCUMENTATION_COMMENTS = YES;
				CLANG_WARN_EMPTY_BODY = YES;
				CLANG_WARN_ENUM_CONVERSION = YES;
				CLANG_WARN_INFINITE_RECURSION = YES;
				CLANG_WARN_INT_CONVERSION = YES;
				CLANG_WARN_NON_LITERAL_NULL_CONVERSION = YES;
				CLANG_WARN_OBJC_LITERAL_CONVERSION = YES;
				CLANG_WARN_OBJC_ROOT_CLASS = YES_ERROR;
				CLANG_WARN_RANGE_LOOP_ANALYSIS = YES;
				CLANG_WARN_STRICT_PROTOTYPES = YES;
				CLANG_WARN_SUSPICIOUS_MOVE = YES;
				CLANG_WARN_UNGUARDED_AVAILABILITY = YES_AGGRESSIVE;
				CLANG_WARN_UNREACHABLE_CODE = YES;
				CLANG_WARN__DUPLICATE_METHOD_MATCH = YES;
				CODE_SIGN_IDENTITY = "iPhone Developer";
				COPY_PHASE_STRIP = NO;
				DEBUG_INFORMATION_FORMAT = dwarf;
				ENABLE_STRICT_OBJC_MSGSEND = YES;
				ENABLE_TESTABILITY = YES;
				GCC_C_LANGUAGE_STANDARD = gnu11;
				GCC_DYNAMIC_NO_PIC = NO;
				GCC_NO_COMMON_BLOCKS = YES;
				GCC_OPTIMIZATION_LEVEL = 0;
				GCC_PREPROCESSOR_DEFINITIONS = (
					"DEBUG=1",
					"$(inherited)",
				);
				GCC_WARN_64_TO_32_BIT_CONVERSION = YES;
				GCC_WARN_ABOUT_RETURN_TYPE = YES_ERROR;
				GCC_WARN_UNDECLARED_SELECTOR = YES;
				GCC_WARN_UNINITIALIZED_AUTOS = YES_AGGRESSIVE;
				GCC_WARN_UNUSED_FUNCTION = YES;
				GCC_WARN_UNUSED_VARIABLE = YES;
				IPHONEOS_DEPLOYMENT_TARGET = 11.0;
				MTL_ENABLE_DEBUG_INFO = YES;
				ONLY_ACTIVE_ARCH = YES;
				SDKROOT = iphoneos;
				SWIFT_ACTIVE_COMPILATION_CONDITIONS = DEBUG;
				SWIFT_OPTIMIZATION_LEVEL = "-Onone";
			};
			name = Debug;
		};
		8DD161081F5ED49F00DCBEC5 /* Release */ = {
			isa = XCBuildConfiguration;
			buildSettings = {
				ALWAYS_SEARCH_USER_PATHS = NO;
				CLANG_ANALYZER_NONNULL = YES;
				CLANG_ANALYZER_NUMBER_OBJECT_CONVERSION = YES_AGGRESSIVE;
				CLANG_CXX_LANGUAGE_STANDARD = "gnu++14";
				CLANG_CXX_LIBRARY = "libc++";
				CLANG_ENABLE_MODULES = YES;
				CLANG_ENABLE_OBJC_ARC = YES;
				CLANG_WARN_BLOCK_CAPTURE_AUTORELEASING = YES;
				CLANG_WARN_BOOL_CONVERSION = YES;
				CLANG_WARN_COMMA = YES;
				CLANG_WARN_CONSTANT_CONVERSION = YES;
				CLANG_WARN_DIRECT_OBJC_ISA_USAGE = YES_ERROR;
				CLANG_WARN_DOCUMENTATION_COMMENTS = YES;
				CLANG_WARN_EMPTY_BODY = YES;
				CLANG_WARN_ENUM_CONVERSION = YES;
				CLANG_WARN_INFINITE_RECURSION = YES;
				CLANG_WARN_INT_CONVERSION = YES;
				CLANG_WARN_NON_LITERAL_NULL_CONVERSION = YES;
				CLANG_WARN_OBJC_LITERAL_CONVERSION = YES;
				CLANG_WARN_OBJC_ROOT_CLASS = YES_ERROR;
				CLANG_WARN_RANGE_LOOP_ANALYSIS = YES;
				CLANG_WARN_STRICT_PROTOTYPES = YES;
				CLANG_WARN_SUSPICIOUS_MOVE = YES;
				CLANG_WARN_UNGUARDED_AVAILABILITY = YES_AGGRESSIVE;
				CLANG_WARN_UNREACHABLE_CODE = YES;
				CLANG_WARN__DUPLICATE_METHOD_MATCH = YES;
				CODE_SIGN_IDENTITY = "iPhone Developer";
				COPY_PHASE_STRIP = NO;
				DEBUG_INFORMATION_FORMAT = "dwarf-with-dsym";
				ENABLE_NS_ASSERTIONS = NO;
				ENABLE_STRICT_OBJC_MSGSEND = YES;
				GCC_C_LANGUAGE_STANDARD = gnu11;
				GCC_NO_COMMON_BLOCKS = YES;
				GCC_WARN_64_TO_32_BIT_CONVERSION = YES;
				GCC_WARN_ABOUT_RETURN_TYPE = YES_ERROR;
				GCC_WARN_UNDECLARED_SELECTOR = YES;
				GCC_WARN_UNINITIALIZED_AUTOS = YES_AGGRESSIVE;
				GCC_WARN_UNUSED_FUNCTION = YES;
				GCC_WARN_UNUSED_VARIABLE = YES;
				IPHONEOS_DEPLOYMENT_TARGET = 11.0;
				MTL_ENABLE_DEBUG_INFO = NO;
				SDKROOT = iphoneos;
				SWIFT_OPTIMIZATION_LEVEL = "-Owholemodule";
				VALIDATE_PRODUCT = YES;
			};
			name = Release;
		};
		8DD1610A1F5ED49F00DCBEC5 /* Debug */ = {
			isa = XCBuildConfiguration;
			baseConfigurationReference = FD38C7ED0AB9C137E416709F /* Pods-Smack.debug.xcconfig */;
			buildSettings = {
				ASSETCATALOG_COMPILER_APPICON_NAME = AppIcon;
				CLANG_ENABLE_MODULES = YES;
				CODE_SIGN_STYLE = Automatic;
				DEVELOPMENT_TEAM = ZNPNUFK8B9;
				INFOPLIST_FILE = Smack/Info.plist;
				LD_RUNPATH_SEARCH_PATHS = "$(inherited) @executable_path/Frameworks";
				PRODUCT_BUNDLE_IDENTIFIER = com.catalinac.Smack;
				PRODUCT_NAME = "$(TARGET_NAME)";
				SWIFT_OBJC_BRIDGING_HEADER = "Smack/SupportingFiles/Smack-Bridging-Header.h";
				SWIFT_OPTIMIZATION_LEVEL = "-Onone";
				SWIFT_VERSION = 4.0;
				TARGETED_DEVICE_FAMILY = "1,2";
			};
			name = Debug;
		};
		8DD1610B1F5ED49F00DCBEC5 /* Release */ = {
			isa = XCBuildConfiguration;
			baseConfigurationReference = 19ADB7B22867F3EA6EE55CEA /* Pods-Smack.release.xcconfig */;
			buildSettings = {
				ASSETCATALOG_COMPILER_APPICON_NAME = AppIcon;
				CLANG_ENABLE_MODULES = YES;
				CODE_SIGN_STYLE = Automatic;
				DEVELOPMENT_TEAM = ZNPNUFK8B9;
				INFOPLIST_FILE = Smack/Info.plist;
				LD_RUNPATH_SEARCH_PATHS = "$(inherited) @executable_path/Frameworks";
				PRODUCT_BUNDLE_IDENTIFIER = com.catalinac.Smack;
				PRODUCT_NAME = "$(TARGET_NAME)";
				SWIFT_OBJC_BRIDGING_HEADER = "Smack/SupportingFiles/Smack-Bridging-Header.h";
				SWIFT_VERSION = 4.0;
				TARGETED_DEVICE_FAMILY = "1,2";
			};
			name = Release;
		};
/* End XCBuildConfiguration section */

/* Begin XCConfigurationList section */
		8DD160F21F5ED49F00DCBEC5 /* Build configuration list for PBXProject "Smack" */ = {
			isa = XCConfigurationList;
			buildConfigurations = (
				8DD161071F5ED49F00DCBEC5 /* Debug */,
				8DD161081F5ED49F00DCBEC5 /* Release */,
			);
			defaultConfigurationIsVisible = 0;
			defaultConfigurationName = Release;
		};
		8DD161091F5ED49F00DCBEC5 /* Build configuration list for PBXNativeTarget "Smack" */ = {
			isa = XCConfigurationList;
			buildConfigurations = (
				8DD1610A1F5ED49F00DCBEC5 /* Debug */,
				8DD1610B1F5ED49F00DCBEC5 /* Release */,
			);
			defaultConfigurationIsVisible = 0;
			defaultConfigurationName = Release;
		};
/* End XCConfigurationList section */
	};
	rootObject = 8DD160EF1F5ED49F00DCBEC5 /* Project object */;
}
